# This file is automatically @generated by Cargo.
# It is not intended for manual editing.
version = 4

[[package]]
name = "amarok-cli"
version = "0.1.0"
dependencies = [
 "amarok-lexer",
]

[[package]]
name = "amarok-lexer"
version = "0.1.0"

[[package]]
name = "amarok-parser"
version = "0.1.0"
dependencies = [
 "amarok-lexer",
]
