# This file is automatically @generated by Cargo.
# It is not intended for manual editing.
version = 4

[[package]]
name = "amarok-cli"
version = "0.1.0"
dependencies = [
 "amarok-diagnostics",
 "amarok-interpreter",
 "amarok-lexer",
 "amarok-parser",
]

[[package]]
name = "amarok-diagnostics"
version = "0.1.0"

[[package]]
name = "amarok-interpreter"
version = "0.1.0"
dependencies = [
 "amarok-diagnostics",
 "amarok-syntax",
]

[[package]]
name = "amarok-lexer"
version = "0.1.0"
dependencies = [
 "amarok-diagnostics",
]

[[package]]
name = "amarok-parser"
version = "0.1.0"
dependencies = [
 "amarok-diagnostics",
 "amarok-lexer",
 "amarok-syntax",
]

[[package]]
name = "amarok-syntax"
version = "0.1.0"
